// !$*UTF8*$!
{
	archiveVersion = 1;
	classes = {
	};
	objectVersion = 56;
	objects = {

/* Begin PBXBuildFile section */
		C24F19F02CE604C300ABBAF7 /* AppDelegate.swift in Sources */ = {isa = PBXBuildFile; fileRef = C24F19EF2CE604C300ABBAF7 /* AppDelegate.swift */; };
		C24F19F22CE604C300ABBAF7 /* SceneDelegate.swift in Sources */ = {isa = PBXBuildFile; fileRef = C24F19F12CE604C300ABBAF7 /* SceneDelegate.swift */; };
		C24F19F42CE604C300ABBAF7 /* ViewController.swift in Sources */ = {isa = PBXBuildFile; fileRef = C24F19F32CE604C300ABBAF7 /* ViewController.swift */; };
		C24F19F72CE604C300ABBAF7 /* Main.storyboard in Resources */ = {isa = PBXBuildFile; fileRef = C24F19F52CE604C300ABBAF7 /* Main.storyboard */; };
		C24F19F92CE604C500ABBAF7 /* Assets.xcassets in Resources */ = {isa = PBXBuildFile; fileRef = C24F19F82CE604C500ABBAF7 /* Assets.xcassets */; };
		C24F19FC2CE604C500ABBAF7 /* LaunchScreen.storyboard in Resources */ = {isa = PBXBuildFile; fileRef = C24F19FA2CE604C500ABBAF7 /* LaunchScreen.storyboard */; };
		C24F1A042CE6080800ABBAF7 /* Peliculas.swift in Sources */ = {isa = PBXBuildFile; fileRef = C24F1A032CE6080800ABBAF7 /* Peliculas.swift */; };
		C24F1A062CE615A300ABBAF7 /* DetalleViewController.swift in Sources */ = {isa = PBXBuildFile; fileRef = C24F1A052CE615A300ABBAF7 /* DetalleViewController.swift */; };
/* End PBXBuildFile section */

/* Begin PBXFileReference section */
		C24F19EC2CE604C300ABBAF7 /* DINT_Actividad_Practica_U2.app */ = {isa = PBXFileReference; explicitFileType = wrapper.application; includeInIndex = 0; path = DINT_Actividad_Practica_U2.app; sourceTree = BUILT_PRODUCTS_DIR; };
		C24F19EF2CE604C300ABBAF7 /* AppDelegate.swift */ = {isa = PBXFileReference; lastKnownFileType = sourcecode.swift; path = AppDelegate.swift; sourceTree = "<group>"; };
		C24F19F12CE604C300ABBAF7 /* SceneDelegate.swift */ = {isa = PBXFileReference; lastKnownFileType = sourcecode.swift; path = SceneDelegate.swift; sourceTree = "<group>"; };
		C24F19F32CE604C300ABBAF7 /* ViewController.swift */ = {isa = PBXFileReference; lastKnownFileType = sourcecode.swift; path = ViewController.swift; sourceTree = "<group>"; };
		C24F19F62CE604C300ABBAF7 /* Base */ = {isa = PBXFileReference; lastKnownFileType = file.storyboard; name = Base; path = Base.lproj/Main.storyboard; sourceTree = "<group>"; };
		C24F19F82CE604C500ABBAF7 /* Assets.xcassets */ = {isa = PBXFileReference; lastKnownFileType = folder.assetcatalog; path = Assets.xcassets; sourceTree = "<group>"; };
		C24F19FB2CE604C500ABBAF7 /* Base */ = {isa = PBXFileReference; lastKnownFileType = file.storyboard; name = Base; path = Base.lproj/LaunchScreen.storyboard; sourceTree = "<group>"; };
		C24F19FD2CE604C500ABBAF7 /* Info.plist */ = {isa = PBXFileReference; lastKnownFileType = text.plist.xml; path = Info.plist; sourceTree = "<group>"; };
		C24F1A032CE6080800ABBAF7 /* Peliculas.swift */ = {isa = PBXFileReference; lastKnownFileType = sourcecode.swift; path = Peliculas.swift; sourceTree = "<group>"; };
		C24F1A052CE615A300ABBAF7 /* DetalleViewController.swift */ = {isa = PBXFileReference; lastKnownFileType = sourcecode.swift; path = DetalleViewController.swift; sourceTree = "<group>"; };
/* End PBXFileReference section */

/* Begin PBXFrameworksBuildPhase section */
		C24F19E92CE604C300ABBAF7 /* Frameworks */ = {
			isa = PBXFrameworksBuildPhase;
			buildActionMask = 2147483647;
			files = (
			);
			runOnlyForDeploymentPostprocessing = 0;
		};
/* End PBXFrameworksBuildPhase section */

/* Begin PBXGroup section */
		C24F19E32CE604C300ABBAF7 = {
			isa = PBXGroup;
			children = (
				C24F19EE2CE604C300ABBAF7 /* DINT_Actividad_Practica_U2 */,
				C24F19ED2CE604C300ABBAF7 /* Products */,
			);
			sourceTree = "<group>";
		};
		C24F19ED2CE604C300ABBAF7 /* Products */ = {
			isa = PBXGroup;
			children = (
				C24F19EC2CE604C300ABBAF7 /* DINT_Actividad_Practica_U2.app */,
			);
			name = Products;
			sourceTree = "<group>";
		};
		C24F19EE2CE604C300ABBAF7 /* DINT_Actividad_Practica_U2 */ = {
			isa = PBXGroup;
			children = (
				C24F19EF2CE604C300ABBAF7 /* AppDelegate.swift */,
				C24F19F12CE604C300ABBAF7 /* SceneDelegate.swift */,
				C24F19F32CE604C300ABBAF7 /* ViewController.swift */,
				C24F19F52CE604C300ABBAF7 /* Main.storyboard */,
				C24F19F82CE604C500ABBAF7 /* Assets.xcassets */,
				C24F19FA2CE604C500ABBAF7 /* LaunchScreen.storyboard */,
				C24F19FD2CE604C500ABBAF7 /* Info.plist */,
				C24F1A032CE6080800ABBAF7 /* Peliculas.swift */,
				C24F1A052CE615A300ABBAF7 /* DetalleViewController.swift */,
			);
			path = DINT_Actividad_Practica_U2;
			sourceTree = "<group>";
		};
/* End PBXGroup section */

/* Begin PBXNativeTarget section */
		C24F19EB2CE604C300ABBAF7 /* DINT_Actividad_Practica_U2 */ = {
			isa = PBXNativeTarget;
			buildConfigurationList = C24F1A002CE604C500ABBAF7 /* Build configuration list for PBXNativeTarget "DINT_Actividad_Practica_U2" */;
			buildPhases = (
				C24F19E82CE604C300ABBAF7 /* Sources */,
				C24F19E92CE604C300ABBAF7 /* Frameworks */,
				C24F19EA2CE604C300ABBAF7 /* Resources */,
			);
			buildRules = (
			);
			dependencies = (
			);
			name = DINT_Actividad_Practica_U2;
			productName = DINT_Actividad_Practica_U2;
			productReference = C24F19EC2CE604C300ABBAF7 /* DINT_Actividad_Practica_U2.app */;
			productType = "com.apple.product-type.application";
		};
/* End PBXNativeTarget section */

/* Begin PBXProject section */
		C24F19E42CE604C300ABBAF7 /* Project object */ = {
			isa = PBXProject;
			attributes = {
				BuildIndependentTargetsInParallel = 1;
				LastSwiftUpdateCheck = 1520;
				LastUpgradeCheck = 1520;
				TargetAttributes = {
					C24F19EB2CE604C300ABBAF7 = {
						CreatedOnToolsVersion = 15.2;
					};
				};
			};
			buildConfigurationList = C24F19E72CE604C300ABBAF7 /* Build configuration list for PBXProject "DINT_Actividad_Practica_U2" */;
			compatibilityVersion = "Xcode 14.0";
			developmentRegion = en;
			hasScannedForEncodings = 0;
			knownRegions = (
				en,
				Base,
			);
			mainGroup = C24F19E32CE604C300ABBAF7;
			productRefGroup = C24F19ED2CE604C300ABBAF7 /* Products */;
			projectDirPath = "";
			projectRoot = "";
			targets = (
				C24F19EB2CE604C300ABBAF7 /* DINT_Actividad_Practica_U2 */,
			);
		};
/* End PBXProject section */

/* Begin PBXResourcesBuildPhase section */
		C24F19EA2CE604C300ABBAF7 /* Resources */ = {
			isa = PBXResourcesBuildPhase;
			buildActionMask = 2147483647;
			files = (
				C24F19FC2CE604C500ABBAF7 /* LaunchScreen.storyboard in Resources */,
				C24F19F92CE604C500ABBAF7 /* Assets.xcassets in Resources */,
				C24F19F72CE604C300ABBAF7 /* Main.storyboard in Resources */,
			);
			runOnlyForDeploymentPostprocessing = 0;
		};
/* End PBXResourcesBuildPhase section */

/* Begin PBXSourcesBuildPhase section */
		C24F19E82CE604C300ABBAF7 /* Sources */ = {
			isa = PBXSourcesBuildPhase;
			buildActionMask = 2147483647;
			files = (
				C24F1A042CE6080800ABBAF7 /* Peliculas.swift in Sources */,
				C24F1A062CE615A300ABBAF7 /* DetalleViewController.swift in Sources */,
				C24F19F42CE604C300ABBAF7 /* ViewController.swift in Sources */,
				C24F19F02CE604C300ABBAF7 /* AppDelegate.swift in Sources */,
				C24F19F22CE604C300ABBAF7 /* SceneDelegate.swift in Sources */,
			);
			runOnlyForDeploymentPostprocessing = 0;
		};
/* End PBXSourcesBuildPhase section */

/* Begin PBXVariantGroup section */
		C24F19F52CE604C300ABBAF7 /* Main.storyboard */ = {
			isa = PBXVariantGroup;
			children = (
				C24F19F62CE604C300ABBAF7 /* Base */,
			);
			name = Main.storyboard;
			sourceTree = "<group>";
		};
		C24F19FA2CE604C500ABBAF7 /* LaunchScreen.storyboard */ = {
			isa = PBXVariantGroup;
			children = (
				C24F19FB2CE604C500ABBAF7 /* Base */,
			);
			name = LaunchScreen.storyboard;
			sourceTree = "<group>";
		};
/* End PBXVariantGroup section */

/* Begin XCBuildConfiguration section */
		C24F19FE2CE604C500ABBAF7 /* Debug */ = {
			isa = XCBuildConfiguration;
			buildSettings = {
				ALWAYS_SEARCH_USER_PATHS = NO;
				ASSETCATALOG_COMPILER_GENERATE_SWIFT_ASSET_SYMBOL_EXTENSIONS = YES;
				CLANG_ANALYZER_NONNULL = YES;
				CLANG_ANALYZER_NUMBER_OBJECT_CONVERSION = YES_AGGRESSIVE;
				CLANG_CXX_LANGUAGE_STANDARD = "gnu++20";
				CLANG_ENABLE_MODULES = YES;
				CLANG_ENABLE_OBJC_ARC = YES;
				CLANG_ENABLE_OBJC_WEAK = YES;
				CLANG_WARN_BLOCK_CAPTURE_AUTORELEASING = YES;
				CLANG_WARN_BOOL_CONVERSION = YES;
				CLANG_WARN_COMMA = YES;
				CLANG_WARN_CONSTANT_CONVERSION = YES;
				CLANG_WARN_DEPRECATED_OBJC_IMPLEMENTATIONS = YES;
				CLANG_WARN_DIRECT_OBJC_ISA_USAGE = YES_ERROR;
				CLANG_WARN_DOCUMENTATION_COMMENTS = YES;
				CLANG_WARN_EMPTY_BODY = YES;
				CLANG_WARN_ENUM_CONVERSION = YES;
				CLANG_WARN_INFINITE_RECURSION = YES;
				CLANG_WARN_INT_CONVERSION = YES;
				CLANG_WARN_NON_LITERAL_NULL_CONVERSION = YES;
				CLANG_WARN_OBJC_IMPLICIT_RETAIN_SELF = YES;
				CLANG_WARN_OBJC_LITERAL_CONVERSION = YES;
				CLANG_WARN_OBJC_ROOT_CLASS = YES_ERROR;
				CLANG_WARN_QUOTED_INCLUDE_IN_FRAMEWORK_HEADER = YES;
				CLANG_WARN_RANGE_LOOP_ANALYSIS = YES;
				CLANG_WARN_STRICT_PROTOTYPES = YES;
				CLANG_WARN_SUSPICIOUS_MOVE = YES;
				CLANG_WARN_UNGUARDED_AVAILABILITY = YES_AGGRESSIVE;
				CLANG_WARN_UNREACHABLE_CODE = YES;
				CLANG_WARN__DUPLICATE_METHOD_MATCH = YES;
				COPY_PHASE_STRIP = NO;
				DEBUG_INFORMATION_FORMAT = dwarf;
				ENABLE_STRICT_OBJC_MSGSEND = YES;
				ENABLE_TESTABILITY = YES;
				ENABLE_USER_SCRIPT_SANDBOXING = YES;
				GCC_C_LANGUAGE_STANDARD = gnu17;
				GCC_DYNAMIC_NO_PIC = NO;
				GCC_NO_COMMON_BLOCKS = YES;
				GCC_OPTIMIZATION_LEVEL = 0;
				GCC_PREPROCESSOR_DEFINITIONS = (
					"DEBUG=1",
					"$(inherited)",
				);
				GCC_WARN_64_TO_32_BIT_CONVERSION = YES;
				GCC_WARN_ABOUT_RETURN_TYPE = YES_ERROR;
				GCC_WARN_UNDECLARED_SELECTOR = YES;
				GCC_WARN_UNINITIALIZED_AUTOS = YES_AGGRESSIVE;
				GCC_WARN_UNUSED_FUNCTION = YES;
				GCC_WARN_UNUSED_VARIABLE = YES;
				IPHONEOS_DEPLOYMENT_TARGET = 17.2;
				LOCALIZATION_PREFERS_STRING_CATALOGS = YES;
				MTL_ENABLE_DEBUG_INFO = INCLUDE_SOURCE;
				MTL_FAST_MATH = YES;
				ONLY_ACTIVE_ARCH = YES;
				SDKROOT = iphoneos;
				SWIFT_ACTIVE_COMPILATION_CONDITIONS = "DEBUG $(inherited)";
				SWIFT_OPTIMIZATION_LEVEL = "-Onone";
			};
			name = Debug;
		};
		C24F19FF2CE604C500ABBAF7 /* Release */ = {
			isa = XCBuildConfiguration;
			buildSettings = {
				ALWAYS_SEARCH_USER_PATHS = NO;
				ASSETCATALOG_COMPILER_GENERATE_SWIFT_ASSET_SYMBOL_EXTENSIONS = YES;
				CLANG_ANALYZER_NONNULL = YES;
				CLANG_ANALYZER_NUMBER_OBJECT_CONVERSION = YES_AGGRESSIVE;
				CLANG_CXX_LANGUAGE_STANDARD = "gnu++20";
				CLANG_ENABLE_MODULES = YES;
				CLANG_ENABLE_OBJC_ARC = YES;
				CLANG_ENABLE_OBJC_WEAK = YES;
				CLANG_WARN_BLOCK_CAPTURE_AUTORELEASING = YES;
				CLANG_WARN_BOOL_CONVERSION = YES;
				CLANG_WARN_COMMA = YES;
				CLANG_WARN_CONSTANT_CONVERSION = YES;
				CLANG_WARN_DEPRECATED_OBJC_IMPLEMENTATIONS = YES;
				CLANG_WARN_DIRECT_OBJC_ISA_USAGE = YES_ERROR;
				CLANG_WARN_DOCUMENTATION_COMMENTS = YES;
				CLANG_WARN_EMPTY_BODY = YES;
				CLANG_WARN_ENUM_CONVERSION = YES;
				CLANG_WARN_INFINITE_RECURSION = YES;
				CLANG_WARN_INT_CONVERSION = YES;
				CLANG_WARN_NON_LITERAL_NULL_CONVERSION = YES;
				CLANG_WARN_OBJC_IMPLICIT_RETAIN_SELF = YES;
				CLANG_WARN_OBJC_LITERAL_CONVERSION = YES;
				CLANG_WARN_OBJC_ROOT_CLASS = YES_ERROR;
				CLANG_WARN_QUOTED_INCLUDE_IN_FRAMEWORK_HEADER = YES;
				CLANG_WARN_RANGE_LOOP_ANALYSIS = YES;
				CLANG_WARN_STRICT_PROTOTYPES = YES;
				CLANG_WARN_SUSPICIOUS_MOVE = YES;
				CLANG_WARN_UNGUARDED_AVAILABILITY = YES_AGGRESSIVE;
				CLANG_WARN_UNREACHABLE_CODE = YES;
				CLANG_WARN__DUPLICATE_METHOD_MATCH = YES;
				COPY_PHASE_STRIP = NO;
				DEBUG_INFORMATION_FORMAT = "dwarf-with-dsym";
				ENABLE_NS_ASSERTIONS = NO;
				ENABLE_STRICT_OBJC_MSGSEND = YES;
				ENABLE_USER_SCRIPT_SANDBOXING = YES;
				GCC_C_LANGUAGE_STANDARD = gnu17;
				GCC_NO_COMMON_BLOCKS = YES;
				GCC_WARN_64_TO_32_BIT_CONVERSION = YES;
				GCC_WARN_ABOUT_RETURN_TYPE = YES_ERROR;
				GCC_WARN_UNDECLARED_SELECTOR = YES;
				GCC_WARN_UNINITIALIZED_AUTOS = YES_AGGRESSIVE;
				GCC_WARN_UNUSED_FUNCTION = YES;
				GCC_WARN_UNUSED_VARIABLE = YES;
				IPHONEOS_DEPLOYMENT_TARGET = 17.2;
				LOCALIZATION_PREFERS_STRING_CATALOGS = YES;
				MTL_ENABLE_DEBUG_INFO = NO;
				MTL_FAST_MATH = YES;
				SDKROOT = iphoneos;
				SWIFT_COMPILATION_MODE = wholemodule;
				VALIDATE_PRODUCT = YES;
			};
			name = Release;
		};
		C24F1A012CE604C500ABBAF7 /* Debug */ = {
			isa = XCBuildConfiguration;
			buildSettings = {
				ASSETCATALOG_COMPILER_APPICON_NAME = AppIcon;
				ASSETCATALOG_COMPILER_GLOBAL_ACCENT_COLOR_NAME = AccentColor;
				CODE_SIGN_STYLE = Automatic;
				CURRENT_PROJECT_VERSION = 1;
				GENERATE_INFOPLIST_FILE = YES;
				INFOPLIST_FILE = DINT_Actividad_Practica_U2/Info.plist;
				INFOPLIST_KEY_UIApplicationSupportsIndirectInputEvents = YES;
				INFOPLIST_KEY_UILaunchStoryboardName = LaunchScreen;
				INFOPLIST_KEY_UIMainStoryboardFile = Main;
				INFOPLIST_KEY_UISupportedInterfaceOrientations_iPad = "UIInterfaceOrientationPortrait UIInterfaceOrientationPortraitUpsideDown UIInterfaceOrientationLandscapeLeft UIInterfaceOrientationLandscapeRight";
				INFOPLIST_KEY_UISupportedInterfaceOrientations_iPhone = "UIInterfaceOrientationPortrait UIInterfaceOrientationLandscapeLeft UIInterfaceOrientationLandscapeRight";
				LD_RUNPATH_SEARCH_PATHS = (
					"$(inherited)",
					"@executable_path/Frameworks",
				);
				MARKETING_VERSION = 1.0;
				PRODUCT_BUNDLE_IDENTIFIER = "kodeleku.DINT-Actividad-Practica-U2";
				PRODUCT_NAME = "$(TARGET_NAME)";
				SWIFT_EMIT_LOC_STRINGS = YES;
				SWIFT_VERSION = 5.0;
				TARGETED_DEVICE_FAMILY = "1,2";
			};
			name = Debug;
		};
		C24F1A022CE604C500ABBAF7 /* Release */ = {
			isa = XCBuildConfiguration;
			buildSettings = {
				ASSETCATALOG_COMPILER_APPICON_NAME = AppIcon;
				ASSETCATALOG_COMPILER_GLOBAL_ACCENT_COLOR_NAME = AccentColor;
				CODE_SIGN_STYLE = Automatic;
				CURRENT_PROJECT_VERSION = 1;
				GENERATE_INFOPLIST_FILE = YES;
				INFOPLIST_FILE = DINT_Actividad_Practica_U2/Info.plist;
				INFOPLIST_KEY_UIApplicationSupportsIndirectInputEvents = YES;
				INFOPLIST_KEY_UILaunchStoryboardName = LaunchScreen;
				INFOPLIST_KEY_UIMainStoryboardFile = Main;
				INFOPLIST_KEY_UISupportedInterfaceOrientations_iPad = "UIInterfaceOrientationPortrait UIInterfaceOrientationPortraitUpsideDown UIInterfaceOrientationLandscapeLeft UIInterfaceOrientationLandscapeRight";
				INFOPLIST_KEY_UISupportedInterfaceOrientations_iPhone = "UIInterfaceOrientationPortrait UIInterfaceOrientationLandscapeLeft UIInterfaceOrientationLandscapeRight";
				LD_RUNPATH_SEARCH_PATHS = (
					"$(inherited)",
					"@executable_path/Frameworks",
				);
				MARKETING_VERSION = 1.0;
				PRODUCT_BUNDLE_IDENTIFIER = "kodeleku.DINT-Actividad-Practica-U2";
				PRODUCT_NAME = "$(TARGET_NAME)";
				SWIFT_EMIT_LOC_STRINGS = YES;
				SWIFT_VERSION = 5.0;
				TARGETED_DEVICE_FAMILY = "1,2";
			};
			name = Release;
		};
/* End XCBuildConfiguration section */

/* Begin XCConfigurationList section */
		C24F19E72CE604C300ABBAF7 /* Build configuration list for PBXProject "DINT_Actividad_Practica_U2" */ = {
			isa = XCConfigurationList;
			buildConfigurations = (
				C24F19FE2CE604C500ABBAF7 /* Debug */,
				C24F19FF2CE604C500ABBAF7 /* Release */,
			);
			defaultConfigurationIsVisible = 0;
			defaultConfigurationName = Release;
		};
		C24F1A002CE604C500ABBAF7 /* Build configuration list for PBXNativeTarget "DINT_Actividad_Practica_U2" */ = {
			isa = XCConfigurationList;
			buildConfigurations = (
				C24F1A012CE604C500ABBAF7 /* Debug */,
				C24F1A022CE604C500ABBAF7 /* Release */,
			);
			defaultConfigurationIsVisible = 0;
			defaultConfigurationName = Release;
		};
/* End XCConfigurationList section */
	};
	rootObject = C24F19E42CE604C300ABBAF7 /* Project object */;
}
